
Microsoft Visual Studio Solution File, Format Version 12.00
# Visual Studio 15
VisualStudioVersion = 15.0.28307.106
MinimumVisualStudioVersion = 10.0.40219.1
Project("{FAE04EC0-301F-11D3-BF4B-00C04F79EFBC}") = "GraniteHouse", "GraniteHouse\GraniteHouse.csproj", "{E4945D02-87B9-4A36-896A-F2862FCBF51C}"
EndProject
Global
	GlobalSection(SolutionConfigurationPlatforms) = preSolution
		Debug|Any CPU = Debug|Any CPU
		Release|Any CPU = Release|Any CPU
	EndGlobalSection
	GlobalSection(ProjectConfigurationPlatforms) = postSolution
		{E4945D02-87B9-4A36-896A-F2862FCBF51C}.Debug|Any CPU.ActiveCfg = Debug|Any CPU
		{E4945D02-87B9-4A36-896A-F2862FCBF51C}.Debug|Any CPU.Build.0 = Debug|Any CPU
		{E4945D02-87B9-4A36-896A-F2862FCBF51C}.Release|Any CPU.ActiveCfg = Release|Any CPU
		{E4945D02-87B9-4A36-896A-F2862FCBF51C}.Release|Any CPU.Build.0 = Release|Any CPU
	EndGlobalSection
	GlobalSection(SolutionProperties) = preSolution
		HideSolutionNode = FALSE
	EndGlobalSection
	GlobalSection(ExtensibilityGlobals) = postSolution
		SolutionGuid = {F172F1FF-318E-4C40-A08E-0E789DF0460C}
	EndGlobalSection
EndGlobal
